
Microsoft Visual Studio Solution File, Format Version 12.00
# Visual Studio 15
VisualStudioVersion = 15.0.27703.2035
MinimumVisualStudioVersion = 10.0.40219.1
Project("{FAE04EC0-301F-11D3-BF4B-00C04F79EFBC}") = "Day4", "Day4\Day4.csproj", "{8CD127BD-FE75-4FAC-861C-983C579E7A90}"
EndProject
Global
	GlobalSection(SolutionConfigurationPlatforms) = preSolution
		Debug|Any CPU = Debug|Any CPU
		Release|Any CPU = Release|Any CPU
	EndGlobalSection
	GlobalSection(ProjectConfigurationPlatforms) = postSolution
		{8CD127BD-FE75-4FAC-861C-983C579E7A90}.Debug|Any CPU.ActiveCfg = Debug|Any CPU
		{8CD127BD-FE75-4FAC-861C-983C579E7A90}.Debug|Any CPU.Build.0 = Debug|Any CPU
		{8CD127BD-FE75-4FAC-861C-983C579E7A90}.Release|Any CPU.ActiveCfg = Release|Any CPU
		{8CD127BD-FE75-4FAC-861C-983C579E7A90}.Release|Any CPU.Build.0 = Release|Any CPU
	EndGlobalSection
	GlobalSection(SolutionProperties) = preSolution
		HideSolutionNode = FALSE
	EndGlobalSection
	GlobalSection(ExtensibilityGlobals) = postSolution
		SolutionGuid = {255EFAFB-4DD3-4461-A052-7D177E08A257}
	EndGlobalSection
EndGlobal
